// !$*UTF8*$!
{
	archiveVersion = 1;
	classes = {
	};
	objectVersion = 55;
	objects = {

/* Begin PBXBuildFile section */
		7701C40927F66A8100CB426F /* AppDelegate.swift in Sources */ = {isa = PBXBuildFile; fileRef = 7701C40827F66A8100CB426F /* AppDelegate.swift */; };
		7701C40B27F66A8100CB426F /* SceneDelegate.swift in Sources */ = {isa = PBXBuildFile; fileRef = 7701C40A27F66A8100CB426F /* SceneDelegate.swift */; };
		7701C40D27F66A8100CB426F /* ViewController.swift in Sources */ = {isa = PBXBuildFile; fileRef = 7701C40C27F66A8100CB426F /* ViewController.swift */; };
		7701C41027F66A8100CB426F /* Main.storyboard in Resources */ = {isa = PBXBuildFile; fileRef = 7701C40E27F66A8100CB426F /* Main.storyboard */; };
		7701C41227F66A8200CB426F /* Assets.xcassets in Resources */ = {isa = PBXBuildFile; fileRef = 7701C41127F66A8200CB426F /* Assets.xcassets */; };
		7701C41527F66A8200CB426F /* LaunchScreen.storyboard in Resources */ = {isa = PBXBuildFile; fileRef = 7701C41327F66A8200CB426F /* LaunchScreen.storyboard */; };
		7701C42027F66A8200CB426F /* calulatorWithLogicTests.swift in Sources */ = {isa = PBXBuildFile; fileRef = 7701C41F27F66A8200CB426F /* calulatorWithLogicTests.swift */; };
		7701C42A27F66A8200CB426F /* calulatorWithLogicUITests.swift in Sources */ = {isa = PBXBuildFile; fileRef = 7701C42927F66A8200CB426F /* calulatorWithLogicUITests.swift */; };
		7701C42C27F66A8200CB426F /* calulatorWithLogicUITestsLaunchTests.swift in Sources */ = {isa = PBXBuildFile; fileRef = 7701C42B27F66A8200CB426F /* calulatorWithLogicUITestsLaunchTests.swift */; };
		7701C43927F66ADE00CB426F /* calcBrain.swift in Sources */ = {isa = PBXBuildFile; fileRef = 7701C43827F66ADE00CB426F /* calcBrain.swift */; };
/* End PBXBuildFile section */

/* Begin PBXContainerItemProxy section */
		7701C41C27F66A8200CB426F /* PBXContainerItemProxy */ = {
			isa = PBXContainerItemProxy;
			containerPortal = 7701C3FD27F66A8100CB426F /* Project object */;
			proxyType = 1;
			remoteGlobalIDString = 7701C40427F66A8100CB426F;
			remoteInfo = calulatorWithLogic;
		};
		7701C42627F66A8200CB426F /* PBXContainerItemProxy */ = {
			isa = PBXContainerItemProxy;
			containerPortal = 7701C3FD27F66A8100CB426F /* Project object */;
			proxyType = 1;
			remoteGlobalIDString = 7701C40427F66A8100CB426F;
			remoteInfo = calulatorWithLogic;
		};
/* End PBXContainerItemProxy section */

/* Begin PBXFileReference section */
		7701C40527F66A8100CB426F /* calulatorWithLogic.app */ = {isa = PBXFileReference; explicitFileType = wrapper.application; includeInIndex = 0; path = calulatorWithLogic.app; sourceTree = BUILT_PRODUCTS_DIR; };
		7701C40827F66A8100CB426F /* AppDelegate.swift */ = {isa = PBXFileReference; lastKnownFileType = sourcecode.swift; path = AppDelegate.swift; sourceTree = "<group>"; };
		7701C40A27F66A8100CB426F /* SceneDelegate.swift */ = {isa = PBXFileReference; lastKnownFileType = sourcecode.swift; path = SceneDelegate.swift; sourceTree = "<group>"; };
		7701C40C27F66A8100CB426F /* ViewController.swift */ = {isa = PBXFileReference; lastKnownFileType = sourcecode.swift; path = ViewController.swift; sourceTree = "<group>"; };
		7701C40F27F66A8100CB426F /* Base */ = {isa = PBXFileReference; lastKnownFileType = file.storyboard; name = Base; path = Base.lproj/Main.storyboard; sourceTree = "<group>"; };
		7701C41127F66A8200CB426F /* Assets.xcassets */ = {isa = PBXFileReference; lastKnownFileType = folder.assetcatalog; path = Assets.xcassets; sourceTree = "<group>"; };
		7701C41427F66A8200CB426F /* Base */ = {isa = PBXFileReference; lastKnownFileType = file.storyboard; name = Base; path = Base.lproj/LaunchScreen.storyboard; sourceTree = "<group>"; };
		7701C41627F66A8200CB426F /* Info.plist */ = {isa = PBXFileReference; lastKnownFileType = text.plist.xml; path = Info.plist; sourceTree = "<group>"; };
		7701C41B27F66A8200CB426F /* calulatorWithLogicTests.xctest */ = {isa = PBXFileReference; explicitFileType = wrapper.cfbundle; includeInIndex = 0; path = calulatorWithLogicTests.xctest; sourceTree = BUILT_PRODUCTS_DIR; };
		7701C41F27F66A8200CB426F /* calulatorWithLogicTests.swift */ = {isa = PBXFileReference; lastKnownFileType = sourcecode.swift; path = calulatorWithLogicTests.swift; sourceTree = "<group>"; };
		7701C42527F66A8200CB426F /* calulatorWithLogicUITests.xctest */ = {isa = PBXFileReference; explicitFileType = wrapper.cfbundle; includeInIndex = 0; path = calulatorWithLogicUITests.xctest; sourceTree = BUILT_PRODUCTS_DIR; };
		7701C42927F66A8200CB426F /* calulatorWithLogicUITests.swift */ = {isa = PBXFileReference; lastKnownFileType = sourcecode.swift; path = calulatorWithLogicUITests.swift; sourceTree = "<group>"; };
		7701C42B27F66A8200CB426F /* calulatorWithLogicUITestsLaunchTests.swift */ = {isa = PBXFileReference; lastKnownFileType = sourcecode.swift; path = calulatorWithLogicUITestsLaunchTests.swift; sourceTree = "<group>"; };
		7701C43827F66ADE00CB426F /* calcBrain.swift */ = {isa = PBXFileReference; lastKnownFileType = sourcecode.swift; path = calcBrain.swift; sourceTree = "<group>"; };
/* End PBXFileReference section */

/* Begin PBXFrameworksBuildPhase section */
		7701C40227F66A8100CB426F /* Frameworks */ = {
			isa = PBXFrameworksBuildPhase;
			buildActionMask = 2147483647;
			files = (
			);
			runOnlyForDeploymentPostprocessing = 0;
		};
		7701C41827F66A8200CB426F /* Frameworks */ = {
			isa = PBXFrameworksBuildPhase;
			buildActionMask = 2147483647;
			files = (
			);
			runOnlyForDeploymentPostprocessing = 0;
		};
		7701C42227F66A8200CB426F /* Frameworks */ = {
			isa = PBXFrameworksBuildPhase;
			buildActionMask = 2147483647;
			files = (
			);
			runOnlyForDeploymentPostprocessing = 0;
		};
/* End PBXFrameworksBuildPhase section */

/* Begin PBXGroup section */
		7701C3FC27F66A8100CB426F = {
			isa = PBXGroup;
			children = (
				7701C40727F66A8100CB426F /* calulatorWithLogic */,
				7701C41E27F66A8200CB426F /* calulatorWithLogicTests */,
				7701C42827F66A8200CB426F /* calulatorWithLogicUITests */,
				7701C40627F66A8100CB426F /* Products */,
			);
			sourceTree = "<group>";
		};
		7701C40627F66A8100CB426F /* Products */ = {
			isa = PBXGroup;
			children = (
				7701C40527F66A8100CB426F /* calulatorWithLogic.app */,
				7701C41B27F66A8200CB426F /* calulatorWithLogicTests.xctest */,
				7701C42527F66A8200CB426F /* calulatorWithLogicUITests.xctest */,
			);
			name = Products;
			sourceTree = "<group>";
		};
		7701C40727F66A8100CB426F /* calulatorWithLogic */ = {
			isa = PBXGroup;
			children = (
				7701C40827F66A8100CB426F /* AppDelegate.swift */,
				7701C40A27F66A8100CB426F /* SceneDelegate.swift */,
				7701C40C27F66A8100CB426F /* ViewController.swift */,
				7701C40E27F66A8100CB426F /* Main.storyboard */,
				7701C41127F66A8200CB426F /* Assets.xcassets */,
				7701C41327F66A8200CB426F /* LaunchScreen.storyboard */,
				7701C41627F66A8200CB426F /* Info.plist */,
				7701C43827F66ADE00CB426F /* calcBrain.swift */,
			);
			path = calulatorWithLogic;
			sourceTree = "<group>";
		};
		7701C41E27F66A8200CB426F /* calulatorWithLogicTests */ = {
			isa = PBXGroup;
			children = (
				7701C41F27F66A8200CB426F /* calulatorWithLogicTests.swift */,
			);
			path = calulatorWithLogicTests;
			sourceTree = "<group>";
		};
		7701C42827F66A8200CB426F /* calulatorWithLogicUITests */ = {
			isa = PBXGroup;
			children = (
				7701C42927F66A8200CB426F /* calulatorWithLogicUITests.swift */,
				7701C42B27F66A8200CB426F /* calulatorWithLogicUITestsLaunchTests.swift */,
			);
			path = calulatorWithLogicUITests;
			sourceTree = "<group>";
		};
/* End PBXGroup section */

/* Begin PBXNativeTarget section */
		7701C40427F66A8100CB426F /* calulatorWithLogic */ = {
			isa = PBXNativeTarget;
			buildConfigurationList = 7701C42F27F66A8200CB426F /* Build configuration list for PBXNativeTarget "calulatorWithLogic" */;
			buildPhases = (
				7701C40127F66A8100CB426F /* Sources */,
				7701C40227F66A8100CB426F /* Frameworks */,
				7701C40327F66A8100CB426F /* Resources */,
			);
			buildRules = (
			);
			dependencies = (
			);
			name = calulatorWithLogic;
			productName = calulatorWithLogic;
			productReference = 7701C40527F66A8100CB426F /* calulatorWithLogic.app */;
			productType = "com.apple.product-type.application";
		};
		7701C41A27F66A8200CB426F /* calulatorWithLogicTests */ = {
			isa = PBXNativeTarget;
			buildConfigurationList = 7701C43227F66A8200CB426F /* Build configuration list for PBXNativeTarget "calulatorWithLogicTests" */;
			buildPhases = (
				7701C41727F66A8200CB426F /* Sources */,
				7701C41827F66A8200CB426F /* Frameworks */,
				7701C41927F66A8200CB426F /* Resources */,
			);
			buildRules = (
			);
			dependencies = (
				7701C41D27F66A8200CB426F /* PBXTargetDependency */,
			);
			name = calulatorWithLogicTests;
			productName = calulatorWithLogicTests;
			productReference = 7701C41B27F66A8200CB426F /* calulatorWithLogicTests.xctest */;
			productType = "com.apple.product-type.bundle.unit-test";
		};
		7701C42427F66A8200CB426F /* calulatorWithLogicUITests */ = {
			isa = PBXNativeTarget;
			buildConfigurationList = 7701C43527F66A8200CB426F /* Build configuration list for PBXNativeTarget "calulatorWithLogicUITests" */;
			buildPhases = (
				7701C42127F66A8200CB426F /* Sources */,
				7701C42227F66A8200CB426F /* Frameworks */,
				7701C42327F66A8200CB426F /* Resources */,
			);
			buildRules = (
			);
			dependencies = (
				7701C42727F66A8200CB426F /* PBXTargetDependency */,
			);
			name = calulatorWithLogicUITests;
			productName = calulatorWithLogicUITests;
			productReference = 7701C42527F66A8200CB426F /* calulatorWithLogicUITests.xctest */;
			productType = "com.apple.product-type.bundle.ui-testing";
		};
/* End PBXNativeTarget section */

/* Begin PBXProject section */
		7701C3FD27F66A8100CB426F /* Project object */ = {
			isa = PBXProject;
			attributes = {
				BuildIndependentTargetsInParallel = 1;
				LastSwiftUpdateCheck = 1330;
				LastUpgradeCheck = 1330;
				TargetAttributes = {
					7701C40427F66A8100CB426F = {
						CreatedOnToolsVersion = 13.3;
					};
					7701C41A27F66A8200CB426F = {
						CreatedOnToolsVersion = 13.3;
						TestTargetID = 7701C40427F66A8100CB426F;
					};
					7701C42427F66A8200CB426F = {
						CreatedOnToolsVersion = 13.3;
						TestTargetID = 7701C40427F66A8100CB426F;
					};
				};
			};
			buildConfigurationList = 7701C40027F66A8100CB426F /* Build configuration list for PBXProject "calulatorWithLogic" */;
			compatibilityVersion = "Xcode 13.0";
			developmentRegion = en;
			hasScannedForEncodings = 0;
			knownRegions = (
				en,
				Base,
			);
			mainGroup = 7701C3FC27F66A8100CB426F;
			productRefGroup = 7701C40627F66A8100CB426F /* Products */;
			projectDirPath = "";
			projectRoot = "";
			targets = (
				7701C40427F66A8100CB426F /* calulatorWithLogic */,
				7701C41A27F66A8200CB426F /* calulatorWithLogicTests */,
				7701C42427F66A8200CB426F /* calulatorWithLogicUITests */,
			);
		};
/* End PBXProject section */

/* Begin PBXResourcesBuildPhase section */
		7701C40327F66A8100CB426F /* Resources */ = {
			isa = PBXResourcesBuildPhase;
			buildActionMask = 2147483647;
			files = (
				7701C41527F66A8200CB426F /* LaunchScreen.storyboard in Resources */,
				7701C41227F66A8200CB426F /* Assets.xcassets in Resources */,
				7701C41027F66A8100CB426F /* Main.storyboard in Resources */,
			);
			runOnlyForDeploymentPostprocessing = 0;
		};
		7701C41927F66A8200CB426F /* Resources */ = {
			isa = PBXResourcesBuildPhase;
			buildActionMask = 2147483647;
			files = (
			);
			runOnlyForDeploymentPostprocessing = 0;
		};
		7701C42327F66A8200CB426F /* Resources */ = {
			isa = PBXResourcesBuildPhase;
			buildActionMask = 2147483647;
			files = (
			);
			runOnlyForDeploymentPostprocessing = 0;
		};
/* End PBXResourcesBuildPhase section */

/* Begin PBXSourcesBuildPhase section */
		7701C40127F66A8100CB426F /* Sources */ = {
			isa = PBXSourcesBuildPhase;
			buildActionMask = 2147483647;
			files = (
				7701C40D27F66A8100CB426F /* ViewController.swift in Sources */,
				7701C43927F66ADE00CB426F /* calcBrain.swift in Sources */,
				7701C40927F66A8100CB426F /* AppDelegate.swift in Sources */,
				7701C40B27F66A8100CB426F /* SceneDelegate.swift in Sources */,
			);
			runOnlyForDeploymentPostprocessing = 0;
		};
		7701C41727F66A8200CB426F /* Sources */ = {
			isa = PBXSourcesBuildPhase;
			buildActionMask = 2147483647;
			files = (
				7701C42027F66A8200CB426F /* calulatorWithLogicTests.swift in Sources */,
			);
			runOnlyForDeploymentPostprocessing = 0;
		};
		7701C42127F66A8200CB426F /* Sources */ = {
			isa = PBXSourcesBuildPhase;
			buildActionMask = 2147483647;
			files = (
				7701C42A27F66A8200CB426F /* calulatorWithLogicUITests.swift in Sources */,
				7701C42C27F66A8200CB426F /* calulatorWithLogicUITestsLaunchTests.swift in Sources */,
			);
			runOnlyForDeploymentPostprocessing = 0;
		};
/* End PBXSourcesBuildPhase section */

/* Begin PBXTargetDependency section */
		7701C41D27F66A8200CB426F /* PBXTargetDependency */ = {
			isa = PBXTargetDependency;
			target = 7701C40427F66A8100CB426F /* calulatorWithLogic */;
			targetProxy = 7701C41C27F66A8200CB426F /* PBXContainerItemProxy */;
		};
		7701C42727F66A8200CB426F /* PBXTargetDependency */ = {
			isa = PBXTargetDependency;
			target = 7701C40427F66A8100CB426F /* calulatorWithLogic */;
			targetProxy = 7701C42627F66A8200CB426F /* PBXContainerItemProxy */;
		};
/* End PBXTargetDependency section */

/* Begin PBXVariantGroup section */
		7701C40E27F66A8100CB426F /* Main.storyboard */ = {
			isa = PBXVariantGroup;
			children = (
				7701C40F27F66A8100CB426F /* Base */,
			);
			name = Main.storyboard;
			sourceTree = "<group>";
		};
		7701C41327F66A8200CB426F /* LaunchScreen.storyboard */ = {
			isa = PBXVariantGroup;
			children = (
				7701C41427F66A8200CB426F /* Base */,
			);
			name = LaunchScreen.storyboard;
			sourceTree = "<group>";
		};
/* End PBXVariantGroup section */

/* Begin XCBuildConfiguration section */
		7701C42D27F66A8200CB426F /* Debug */ = {
			isa = XCBuildConfiguration;
			buildSettings = {
				ALWAYS_SEARCH_USER_PATHS = NO;
				CLANG_ANALYZER_NONNULL = YES;
				CLANG_ANALYZER_NUMBER_OBJECT_CONVERSION = YES_AGGRESSIVE;
				CLANG_CXX_LANGUAGE_STANDARD = "gnu++17";
				CLANG_ENABLE_MODULES = YES;
				CLANG_ENABLE_OBJC_ARC = YES;
				CLANG_ENABLE_OBJC_WEAK = YES;
				CLANG_WARN_BLOCK_CAPTURE_AUTORELEASING = YES;
				CLANG_WARN_BOOL_CONVERSION = YES;
				CLANG_WARN_COMMA = YES;
				CLANG_WARN_CONSTANT_CONVERSION = YES;
				CLANG_WARN_DEPRECATED_OBJC_IMPLEMENTATIONS = YES;
				CLANG_WARN_DIRECT_OBJC_ISA_USAGE = YES_ERROR;
				CLANG_WARN_DOCUMENTATION_COMMENTS = YES;
				CLANG_WARN_EMPTY_BODY = YES;
				CLANG_WARN_ENUM_CONVERSION = YES;
				CLANG_WARN_INFINITE_RECURSION = YES;
				CLANG_WARN_INT_CONVERSION = YES;
				CLANG_WARN_NON_LITERAL_NULL_CONVERSION = YES;
				CLANG_WARN_OBJC_IMPLICIT_RETAIN_SELF = YES;
				CLANG_WARN_OBJC_LITERAL_CONVERSION = YES;
				CLANG_WARN_OBJC_ROOT_CLASS = YES_ERROR;
				CLANG_WARN_QUOTED_INCLUDE_IN_FRAMEWORK_HEADER = YES;
				CLANG_WARN_RANGE_LOOP_ANALYSIS = YES;
				CLANG_WARN_STRICT_PROTOTYPES = YES;
				CLANG_WARN_SUSPICIOUS_MOVE = YES;
				CLANG_WARN_UNGUARDED_AVAILABILITY = YES_AGGRESSIVE;
				CLANG_WARN_UNREACHABLE_CODE = YES;
				CLANG_WARN__DUPLICATE_METHOD_MATCH = YES;
				COPY_PHASE_STRIP = NO;
				DEBUG_INFORMATION_FORMAT = dwarf;
				ENABLE_STRICT_OBJC_MSGSEND = YES;
				ENABLE_TESTABILITY = YES;
				GCC_C_LANGUAGE_STANDARD = gnu11;
				GCC_DYNAMIC_NO_PIC = NO;
				GCC_NO_COMMON_BLOCKS = YES;
				GCC_OPTIMIZATION_LEVEL = 0;
				GCC_PREPROCESSOR_DEFINITIONS = (
					"DEBUG=1",
					"$(inherited)",
				);
				GCC_WARN_64_TO_32_BIT_CONVERSION = YES;
				GCC_WARN_ABOUT_RETURN_TYPE = YES_ERROR;
				GCC_WARN_UNDECLARED_SELECTOR = YES;
				GCC_WARN_UNINITIALIZED_AUTOS = YES_AGGRESSIVE;
				GCC_WARN_UNUSED_FUNCTION = YES;
				GCC_WARN_UNUSED_VARIABLE = YES;
				IPHONEOS_DEPLOYMENT_TARGET = 15.4;
				MTL_ENABLE_DEBUG_INFO = INCLUDE_SOURCE;
				MTL_FAST_MATH = YES;
				ONLY_ACTIVE_ARCH = YES;
				SDKROOT = iphoneos;
				SWIFT_ACTIVE_COMPILATION_CONDITIONS = DEBUG;
				SWIFT_OPTIMIZATION_LEVEL = "-Onone";
			};
			name = Debug;
		};
		7701C42E27F66A8200CB426F /* Release */ = {
			isa = XCBuildConfiguration;
			buildSettings = {
				ALWAYS_SEARCH_USER_PATHS = NO;
				CLANG_ANALYZER_NONNULL = YES;
				CLANG_ANALYZER_NUMBER_OBJECT_CONVERSION = YES_AGGRESSIVE;
				CLANG_CXX_LANGUAGE_STANDARD = "gnu++17";
				CLANG_ENABLE_MODULES = YES;
				CLANG_ENABLE_OBJC_ARC = YES;
				CLANG_ENABLE_OBJC_WEAK = YES;
				CLANG_WARN_BLOCK_CAPTURE_AUTORELEASING = YES;
				CLANG_WARN_BOOL_CONVERSION = YES;
				CLANG_WARN_COMMA = YES;
				CLANG_WARN_CONSTANT_CONVERSION = YES;
				CLANG_WARN_DEPRECATED_OBJC_IMPLEMENTATIONS = YES;
				CLANG_WARN_DIRECT_OBJC_ISA_USAGE = YES_ERROR;
				CLANG_WARN_DOCUMENTATION_COMMENTS = YES;
				CLANG_WARN_EMPTY_BODY = YES;
				CLANG_WARN_ENUM_CONVERSION = YES;
				CLANG_WARN_INFINITE_RECURSION = YES;
				CLANG_WARN_INT_CONVERSION = YES;
				CLANG_WARN_NON_LITERAL_NULL_CONVERSION = YES;
				CLANG_WARN_OBJC_IMPLICIT_RETAIN_SELF = YES;
				CLANG_WARN_OBJC_LITERAL_CONVERSION = YES;
				CLANG_WARN_OBJC_ROOT_CLASS = YES_ERROR;
				CLANG_WARN_QUOTED_INCLUDE_IN_FRAMEWORK_HEADER = YES;
				CLANG_WARN_RANGE_LOOP_ANALYSIS = YES;
				CLANG_WARN_STRICT_PROTOTYPES = YES;
				CLANG_WARN_SUSPICIOUS_MOVE = YES;
				CLANG_WARN_UNGUARDED_AVAILABILITY = YES_AGGRESSIVE;
				CLANG_WARN_UNREACHABLE_CODE = YES;
				CLANG_WARN__DUPLICATE_METHOD_MATCH = YES;
				COPY_PHASE_STRIP = NO;
				DEBUG_INFORMATION_FORMAT = "dwarf-with-dsym";
				ENABLE_NS_ASSERTIONS = NO;
				ENABLE_STRICT_OBJC_MSGSEND = YES;
				GCC_C_LANGUAGE_STANDARD = gnu11;
				GCC_NO_COMMON_BLOCKS = YES;
				GCC_WARN_64_TO_32_BIT_CONVERSION = YES;
				GCC_WARN_ABOUT_RETURN_TYPE = YES_ERROR;
				GCC_WARN_UNDECLARED_SELECTOR = YES;
				GCC_WARN_UNINITIALIZED_AUTOS = YES_AGGRESSIVE;
				GCC_WARN_UNUSED_FUNCTION = YES;
				GCC_WARN_UNUSED_VARIABLE = YES;
				IPHONEOS_DEPLOYMENT_TARGET = 15.4;
				MTL_ENABLE_DEBUG_INFO = NO;
				MTL_FAST_MATH = YES;
				SDKROOT = iphoneos;
				SWIFT_COMPILATION_MODE = wholemodule;
				SWIFT_OPTIMIZATION_LEVEL = "-O";
				VALIDATE_PRODUCT = YES;
			};
			name = Release;
		};
		7701C43027F66A8200CB426F /* Debug */ = {
			isa = XCBuildConfiguration;
			buildSettings = {
				ASSETCATALOG_COMPILER_APPICON_NAME = AppIcon;
				ASSETCATALOG_COMPILER_GLOBAL_ACCENT_COLOR_NAME = AccentColor;
				CODE_SIGN_STYLE = Automatic;
				CURRENT_PROJECT_VERSION = 1;
				DEVELOPMENT_TEAM = 46469W77Q8;
				GENERATE_INFOPLIST_FILE = YES;
				INFOPLIST_FILE = calulatorWithLogic/Info.plist;
				INFOPLIST_KEY_UIApplicationSupportsIndirectInputEvents = YES;
				INFOPLIST_KEY_UILaunchStoryboardName = LaunchScreen;
				INFOPLIST_KEY_UIMainStoryboardFile = Main;
				INFOPLIST_KEY_UISupportedInterfaceOrientations_iPad = "UIInterfaceOrientationPortrait UIInterfaceOrientationPortraitUpsideDown UIInterfaceOrientationLandscapeLeft UIInterfaceOrientationLandscapeRight";
				INFOPLIST_KEY_UISupportedInterfaceOrientations_iPhone = "UIInterfaceOrientationPortrait UIInterfaceOrientationLandscapeLeft UIInterfaceOrientationLandscapeRight";
				LD_RUNPATH_SEARCH_PATHS = (
					"$(inherited)",
					"@executable_path/Frameworks",
				);
				MARKETING_VERSION = 1.0;
				PRODUCT_BUNDLE_IDENTIFIER = adam.calulatorWithLogic;
				PRODUCT_NAME = "$(TARGET_NAME)";
				SWIFT_EMIT_LOC_STRINGS = YES;
				SWIFT_VERSION = 5.0;
				TARGETED_DEVICE_FAMILY = "1,2";
			};
			name = Debug;
		};
		7701C43127F66A8200CB426F /* Release */ = {
			isa = XCBuildConfiguration;
			buildSettings = {
				ASSETCATALOG_COMPILER_APPICON_NAME = AppIcon;
				ASSETCATALOG_COMPILER_GLOBAL_ACCENT_COLOR_NAME = AccentColor;
				CODE_SIGN_STYLE = Automatic;
				CURRENT_PROJECT_VERSION = 1;
				DEVELOPMENT_TEAM = 46469W77Q8;
				GENERATE_INFOPLIST_FILE = YES;
				INFOPLIST_FILE = calulatorWithLogic/Info.plist;
				INFOPLIST_KEY_UIApplicationSupportsIndirectInputEvents = YES;
				INFOPLIST_KEY_UILaunchStoryboardName = LaunchScreen;
				INFOPLIST_KEY_UIMainStoryboardFile = Main;
				INFOPLIST_KEY_UISupportedInterfaceOrientations_iPad = "UIInterfaceOrientationPortrait UIInterfaceOrientationPortraitUpsideDown UIInterfaceOrientationLandscapeLeft UIInterfaceOrientationLandscapeRight";
				INFOPLIST_KEY_UISupportedInterfaceOrientations_iPhone = "UIInterfaceOrientationPortrait UIInterfaceOrientationLandscapeLeft UIInterfaceOrientationLandscapeRight";
				LD_RUNPATH_SEARCH_PATHS = (
					"$(inherited)",
					"@executable_path/Frameworks",
				);
				MARKETING_VERSION = 1.0;
				PRODUCT_BUNDLE_IDENTIFIER = adam.calulatorWithLogic;
				PRODUCT_NAME = "$(TARGET_NAME)";
				SWIFT_EMIT_LOC_STRINGS = YES;
				SWIFT_VERSION = 5.0;
				TARGETED_DEVICE_FAMILY = "1,2";
			};
			name = Release;
		};
		7701C43327F66A8200CB426F /* Debug */ = {
			isa = XCBuildConfiguration;
			buildSettings = {
				ALWAYS_EMBED_SWIFT_STANDARD_LIBRARIES = YES;
				BUNDLE_LOADER = "$(TEST_HOST)";
				CODE_SIGN_STYLE = Automatic;
				CURRENT_PROJECT_VERSION = 1;
				DEVELOPMENT_TEAM = 46469W77Q8;
				GENERATE_INFOPLIST_FILE = YES;
				IPHONEOS_DEPLOYMENT_TARGET = 15.4;
				MARKETING_VERSION = 1.0;
				PRODUCT_BUNDLE_IDENTIFIER = adam.calulatorWithLogicTests;
				PRODUCT_NAME = "$(TARGET_NAME)";
				SWIFT_EMIT_LOC_STRINGS = NO;
				SWIFT_VERSION = 5.0;
				TARGETED_DEVICE_FAMILY = "1,2";
				TEST_HOST = "$(BUILT_PRODUCTS_DIR)/calulatorWithLogic.app/calulatorWithLogic";
			};
			name = Debug;
		};
		7701C43427F66A8200CB426F /* Release */ = {
			isa = XCBuildConfiguration;
			buildSettings = {
				ALWAYS_EMBED_SWIFT_STANDARD_LIBRARIES = YES;
				BUNDLE_LOADER = "$(TEST_HOST)";
				CODE_SIGN_STYLE = Automatic;
				CURRENT_PROJECT_VERSION = 1;
				DEVELOPMENT_TEAM = 46469W77Q8;
				GENERATE_INFOPLIST_FILE = YES;
				IPHONEOS_DEPLOYMENT_TARGET = 15.4;
				MARKETING_VERSION = 1.0;
				PRODUCT_BUNDLE_IDENTIFIER = adam.calulatorWithLogicTests;
				PRODUCT_NAME = "$(TARGET_NAME)";
				SWIFT_EMIT_LOC_STRINGS = NO;
				SWIFT_VERSION = 5.0;
				TARGETED_DEVICE_FAMILY = "1,2";
				TEST_HOST = "$(BUILT_PRODUCTS_DIR)/calulatorWithLogic.app/calulatorWithLogic";
			};
			name = Release;
		};
		7701C43627F66A8200CB426F /* Debug */ = {
			isa = XCBuildConfiguration;
			buildSettings = {
				ALWAYS_EMBED_SWIFT_STANDARD_LIBRARIES = YES;
				CODE_SIGN_STYLE = Automatic;
				CURRENT_PROJECT_VERSION = 1;
				DEVELOPMENT_TEAM = 46469W77Q8;
				GENERATE_INFOPLIST_FILE = YES;
				MARKETING_VERSION = 1.0;
				PRODUCT_BUNDLE_IDENTIFIER = adam.calulatorWithLogicUITests;
				PRODUCT_NAME = "$(TARGET_NAME)";
				SWIFT_EMIT_LOC_STRINGS = NO;
				SWIFT_VERSION = 5.0;
				TARGETED_DEVICE_FAMILY = "1,2";
				TEST_TARGET_NAME = calulatorWithLogic;
			};
			name = Debug;
		};
		7701C43727F66A8200CB426F /* Release */ = {
			isa = XCBuildConfiguration;
			buildSettings = {
				ALWAYS_EMBED_SWIFT_STANDARD_LIBRARIES = YES;
				CODE_SIGN_STYLE = Automatic;
				CURRENT_PROJECT_VERSION = 1;
				DEVELOPMENT_TEAM = 46469W77Q8;
				GENERATE_INFOPLIST_FILE = YES;
				MARKETING_VERSION = 1.0;
				PRODUCT_BUNDLE_IDENTIFIER = adam.calulatorWithLogicUITests;
				PRODUCT_NAME = "$(TARGET_NAME)";
				SWIFT_EMIT_LOC_STRINGS = NO;
				SWIFT_VERSION = 5.0;
				TARGETED_DEVICE_FAMILY = "1,2";
				TEST_TARGET_NAME = calulatorWithLogic;
			};
			name = Release;
		};
/* End XCBuildConfiguration section */

/* Begin XCConfigurationList section */
		7701C40027F66A8100CB426F /* Build configuration list for PBXProject "calulatorWithLogic" */ = {
			isa = XCConfigurationList;
			buildConfigurations = (
				7701C42D27F66A8200CB426F /* Debug */,
				7701C42E27F66A8200CB426F /* Release */,
			);
			defaultConfigurationIsVisible = 0;
			defaultConfigurationName = Release;
		};
		7701C42F27F66A8200CB426F /* Build configuration list for PBXNativeTarget "calulatorWithLogic" */ = {
			isa = XCConfigurationList;
			buildConfigurations = (
				7701C43027F66A8200CB426F /* Debug */,
				7701C43127F66A8200CB426F /* Release */,
			);
			defaultConfigurationIsVisible = 0;
			defaultConfigurationName = Release;
		};
		7701C43227F66A8200CB426F /* Build configuration list for PBXNativeTarget "calulatorWithLogicTests" */ = {
			isa = XCConfigurationList;
			buildConfigurations = (
				7701C43327F66A8200CB426F /* Debug */,
				7701C43427F66A8200CB426F /* Release */,
			);
			defaultConfigurationIsVisible = 0;
			defaultConfigurationName = Release;
		};
		7701C43527F66A8200CB426F /* Build configuration list for PBXNativeTarget "calulatorWithLogicUITests" */ = {
			isa = XCConfigurationList;
			buildConfigurations = (
				7701C43627F66A8200CB426F /* Debug */,
				7701C43727F66A8200CB426F /* Release */,
			);
			defaultConfigurationIsVisible = 0;
			defaultConfigurationName = Release;
		};
/* End XCConfigurationList section */
	};
	rootObject = 7701C3FD27F66A8100CB426F /* Project object */;
}
